// !$*UTF8*$!
{
	archiveVersion = 1;
	classes = {
	};
	objectVersion = 46;
	objects = {

/* Begin PBXBuildFile section */
		380AD04F1995BD720034D824 /* NRFMainMenuViewController.m in Sources */ = {isa = PBXBuildFile; fileRef = 380AD04E1995BD720034D824 /* NRFMainMenuViewController.m */; };
		380AD05519997BFD0034D824 /* NRFFinalJeopartyQuestion.m in Sources */ = {isa = PBXBuildFile; fileRef = 380AD05419997BFD0034D824 /* NRFFinalJeopartyQuestion.m */; };
		380AD058199995EA0034D824 /* NRFJeopartyContestant.m in Sources */ = {isa = PBXBuildFile; fileRef = 380AD057199995EA0034D824 /* NRFJeopartyContestant.m */; };
		3883577719A7A6F600D73781 /* CoreData.framework in Frameworks */ = {isa = PBXBuildFile; fileRef = 3883577619A7A6F600D73781 /* CoreData.framework */; };
		3883577A19A7C2D300D73781 /* Model.xcdatamodeld in Sources */ = {isa = PBXBuildFile; fileRef = 3883577819A7C2D300D73781 /* Model.xcdatamodeld */; };
		3883577D19ACCFDA00D73781 /* NRFGameDescriptionViewController.m in Sources */ = {isa = PBXBuildFile; fileRef = 3883577C19ACCFDA00D73781 /* NRFGameDescriptionViewController.m */; };
		388357C919B50E4800D73781 /* NRFInitializerScoreViewController.m in Sources */ = {isa = PBXBuildFile; fileRef = 388357C819B50E4800D73781 /* NRFInitializerScoreViewController.m */; };
		388357CC19B54DFA00D73781 /* NRFQuestionScoreViewController.m in Sources */ = {isa = PBXBuildFile; fileRef = 388357CB19B54DFA00D73781 /* NRFQuestionScoreViewController.m */; };
		388357CF19B555EC00D73781 /* NRFEditScoreViewController.m in Sources */ = {isa = PBXBuildFile; fileRef = 388357CE19B555EC00D73781 /* NRFEditScoreViewController.m */; };
		388357D219B61C5700D73781 /* NRFWagerScoreViewController.m in Sources */ = {isa = PBXBuildFile; fileRef = 388357D119B61C5700D73781 /* NRFWagerScoreViewController.m */; };
		388357D519B7855E00D73781 /* NRFWagerForDailyDoubleScoreViewController.m in Sources */ = {isa = PBXBuildFile; fileRef = 388357D419B7855E00D73781 /* NRFWagerForDailyDoubleScoreViewController.m */; };
		388357D819B7ED5900D73781 /* NRFWagerRewardScoreViewController.m in Sources */ = {isa = PBXBuildFile; fileRef = 388357D719B7ED5900D73781 /* NRFWagerRewardScoreViewController.m */; };
		3886A33A1947863D005E3362 /* Foundation.framework in Frameworks */ = {isa = PBXBuildFile; fileRef = 3886A3391947863D005E3362 /* Foundation.framework */; };
		3886A33C1947863D005E3362 /* CoreGraphics.framework in Frameworks */ = {isa = PBXBuildFile; fileRef = 3886A33B1947863D005E3362 /* CoreGraphics.framework */; };
		3886A33E1947863D005E3362 /* UIKit.framework in Frameworks */ = {isa = PBXBuildFile; fileRef = 3886A33D1947863D005E3362 /* UIKit.framework */; };
		3886A3441947863D005E3362 /* InfoPlist.strings in Resources */ = {isa = PBXBuildFile; fileRef = 3886A3421947863D005E3362 /* InfoPlist.strings */; };
		3886A3461947863D005E3362 /* main.m in Sources */ = {isa = PBXBuildFile; fileRef = 3886A3451947863D005E3362 /* main.m */; };
		3886A34A1947863D005E3362 /* NRFAppDelegate.m in Sources */ = {isa = PBXBuildFile; fileRef = 3886A3491947863D005E3362 /* NRFAppDelegate.m */; };
		3886A34C1947863D005E3362 /* Images.xcassets in Resources */ = {isa = PBXBuildFile; fileRef = 3886A34B1947863D005E3362 /* Images.xcassets */; };
		3886A3531947863D005E3362 /* XCTest.framework in Frameworks */ = {isa = PBXBuildFile; fileRef = 3886A3521947863D005E3362 /* XCTest.framework */; };
		3886A3541947863D005E3362 /* Foundation.framework in Frameworks */ = {isa = PBXBuildFile; fileRef = 3886A3391947863D005E3362 /* Foundation.framework */; };
		3886A3551947863D005E3362 /* UIKit.framework in Frameworks */ = {isa = PBXBuildFile; fileRef = 3886A33D1947863D005E3362 /* UIKit.framework */; };
		3886A35D1947863E005E3362 /* InfoPlist.strings in Resources */ = {isa = PBXBuildFile; fileRef = 3886A35B1947863E005E3362 /* InfoPlist.strings */; };
		3886A35F1947863E005E3362 /* You_reInJeopardyTests.m in Sources */ = {isa = PBXBuildFile; fileRef = 3886A35E1947863E005E3362 /* You_reInJeopardyTests.m */; };
		3886A370194788C4005E3362 /* NRFMainBoardViewController.m in Sources */ = {isa = PBXBuildFile; fileRef = 3886A36E194788C4005E3362 /* NRFMainBoardViewController.m */; };
		3886A37419478E0C005E3362 /* NRFQuestion.m in Sources */ = {isa = PBXBuildFile; fileRef = 3886A37319478E0C005E3362 /* NRFQuestion.m */; };
		3886A37719478F41005E3362 /* NRFJeopardyGame.m in Sources */ = {isa = PBXBuildFile; fileRef = 3886A37619478F41005E3362 /* NRFJeopardyGame.m */; };
		3886A37B19495C80005E3362 /* NRFQuestionEditViewController.m in Sources */ = {isa = PBXBuildFile; fileRef = 3886A37919495C80005E3362 /* NRFQuestionEditViewController.m */; };
		3886A383194A63F0005E3362 /* NRFCategoryEditViewController.m in Sources */ = {isa = PBXBuildFile; fileRef = 3886A381194A63F0005E3362 /* NRFCategoryEditViewController.m */; };
		3886A388194B9EBB005E3362 /* NRFQuestionViewController.m in Sources */ = {isa = PBXBuildFile; fileRef = 3886A386194B9EBB005E3362 /* NRFQuestionViewController.m */; };
		3886A38F195B761E005E3362 /* NRFOldGamesTableViewController.m in Sources */ = {isa = PBXBuildFile; fileRef = 3886A38E195B761E005E3362 /* NRFOldGamesTableViewController.m */; };
		38944235198AF2A200265DCA /* NRFTabBarViewController.m in Sources */ = {isa = PBXBuildFile; fileRef = 38944234198AF2A200265DCA /* NRFTabBarViewController.m */; };
		389442381990040A00265DCA /* NRFJeopardyGamePlayable.m in Sources */ = {isa = PBXBuildFile; fileRef = 389442371990040A00265DCA /* NRFJeopardyGamePlayable.m */; };
		3894423B1990066C00265DCA /* NRFJeopardyGameEditable.m in Sources */ = {isa = PBXBuildFile; fileRef = 3894423A1990066C00265DCA /* NRFJeopardyGameEditable.m */; };
		38D2C4E5197F26CA00144155 /* NRFScoreViewController.m in Sources */ = {isa = PBXBuildFile; fileRef = 38D2C4E3197F26CA00144155 /* NRFScoreViewController.m */; };
/* End PBXBuildFile section */

/* Begin PBXContainerItemProxy section */
		3886A3561947863D005E3362 /* PBXContainerItemProxy */ = {
			isa = PBXContainerItemProxy;
			containerPortal = 3886A32E1947863D005E3362 /* Project object */;
			proxyType = 1;
			remoteGlobalIDString = 3886A3351947863D005E3362;
			remoteInfo = "You'reInJeopardy";
		};
/* End PBXContainerItemProxy section */

/* Begin PBXFileReference section */
		380AD04D1995BD720034D824 /* NRFMainMenuViewController.h */ = {isa = PBXFileReference; fileEncoding = 4; lastKnownFileType = sourcecode.c.h; path = NRFMainMenuViewController.h; sourceTree = "<group>"; };
		380AD04E1995BD720034D824 /* NRFMainMenuViewController.m */ = {isa = PBXFileReference; fileEncoding = 4; lastKnownFileType = sourcecode.c.objc; path = NRFMainMenuViewController.m; sourceTree = "<group>"; };
		380AD052199884360034D824 /* Constants.h */ = {isa = PBXFileReference; fileEncoding = 4; lastKnownFileType = sourcecode.c.h; path = Constants.h; sourceTree = "<group>"; };
		380AD05319997BFD0034D824 /* NRFFinalJeopartyQuestion.h */ = {isa = PBXFileReference; fileEncoding = 4; lastKnownFileType = sourcecode.c.h; path = NRFFinalJeopartyQuestion.h; sourceTree = "<group>"; };
		380AD05419997BFD0034D824 /* NRFFinalJeopartyQuestion.m */ = {isa = PBXFileReference; fileEncoding = 4; lastKnownFileType = sourcecode.c.objc; path = NRFFinalJeopartyQuestion.m; sourceTree = "<group>"; };
		380AD056199995EA0034D824 /* NRFJeopartyContestant.h */ = {isa = PBXFileReference; fileEncoding = 4; lastKnownFileType = sourcecode.c.h; path = NRFJeopartyContestant.h; sourceTree = "<group>"; };
		380AD057199995EA0034D824 /* NRFJeopartyContestant.m */ = {isa = PBXFileReference; fileEncoding = 4; lastKnownFileType = sourcecode.c.objc; path = NRFJeopartyContestant.m; sourceTree = "<group>"; };
		3883577619A7A6F600D73781 /* CoreData.framework */ = {isa = PBXFileReference; lastKnownFileType = wrapper.framework; name = CoreData.framework; path = System/Library/Frameworks/CoreData.framework; sourceTree = SDKROOT; };
		3883577919A7C2D300D73781 /* Model.xcdatamodel */ = {isa = PBXFileReference; lastKnownFileType = wrapper.xcdatamodel; path = Model.xcdatamodel; sourceTree = "<group>"; };
		3883577B19ACCFDA00D73781 /* NRFGameDescriptionViewController.h */ = {isa = PBXFileReference; fileEncoding = 4; lastKnownFileType = sourcecode.c.h; path = NRFGameDescriptionViewController.h; sourceTree = "<group>"; };
		3883577C19ACCFDA00D73781 /* NRFGameDescriptionViewController.m */ = {isa = PBXFileReference; fileEncoding = 4; lastKnownFileType = sourcecode.c.objc; path = NRFGameDescriptionViewController.m; sourceTree = "<group>"; };
		388357C719B50E4800D73781 /* NRFInitializerScoreViewController.h */ = {isa = PBXFileReference; fileEncoding = 4; lastKnownFileType = sourcecode.c.h; path = NRFInitializerScoreViewController.h; sourceTree = "<group>"; };
		388357C819B50E4800D73781 /* NRFInitializerScoreViewController.m */ = {isa = PBXFileReference; fileEncoding = 4; lastKnownFileType = sourcecode.c.objc; path = NRFInitializerScoreViewController.m; sourceTree = "<group>"; };
		388357CA19B54DFA00D73781 /* NRFQuestionScoreViewController.h */ = {isa = PBXFileReference; fileEncoding = 4; lastKnownFileType = sourcecode.c.h; path = NRFQuestionScoreViewController.h; sourceTree = "<group>"; };
		388357CB19B54DFA00D73781 /* NRFQuestionScoreViewController.m */ = {isa = PBXFileReference; fileEncoding = 4; lastKnownFileType = sourcecode.c.objc; path = NRFQuestionScoreViewController.m; sourceTree = "<group>"; };
		388357CD19B555EC00D73781 /* NRFEditScoreViewController.h */ = {isa = PBXFileReference; fileEncoding = 4; lastKnownFileType = sourcecode.c.h; path = NRFEditScoreViewController.h; sourceTree = "<group>"; };
		388357CE19B555EC00D73781 /* NRFEditScoreViewController.m */ = {isa = PBXFileReference; fileEncoding = 4; lastKnownFileType = sourcecode.c.objc; path = NRFEditScoreViewController.m; sourceTree = "<group>"; };
		388357D019B61C5700D73781 /* NRFWagerScoreViewController.h */ = {isa = PBXFileReference; fileEncoding = 4; lastKnownFileType = sourcecode.c.h; path = NRFWagerScoreViewController.h; sourceTree = "<group>"; };
		388357D119B61C5700D73781 /* NRFWagerScoreViewController.m */ = {isa = PBXFileReference; fileEncoding = 4; lastKnownFileType = sourcecode.c.objc; path = NRFWagerScoreViewController.m; sourceTree = "<group>"; };
		388357D319B7855E00D73781 /* NRFWagerForDailyDoubleScoreViewController.h */ = {isa = PBXFileReference; fileEncoding = 4; lastKnownFileType = sourcecode.c.h; path = NRFWagerForDailyDoubleScoreViewController.h; sourceTree = "<group>"; };
		388357D419B7855E00D73781 /* NRFWagerForDailyDoubleScoreViewController.m */ = {isa = PBXFileReference; fileEncoding = 4; lastKnownFileType = sourcecode.c.objc; path = NRFWagerForDailyDoubleScoreViewController.m; sourceTree = "<group>"; };
		388357D619B7ED5900D73781 /* NRFWagerRewardScoreViewController.h */ = {isa = PBXFileReference; fileEncoding = 4; lastKnownFileType = sourcecode.c.h; path = NRFWagerRewardScoreViewController.h; sourceTree = "<group>"; };
		388357D719B7ED5900D73781 /* NRFWagerRewardScoreViewController.m */ = {isa = PBXFileReference; fileEncoding = 4; lastKnownFileType = sourcecode.c.objc; path = NRFWagerRewardScoreViewController.m; sourceTree = "<group>"; };
		3886A3361947863D005E3362 /* You'reInJeopardy.app */ = {isa = PBXFileReference; explicitFileType = wrapper.application; includeInIndex = 0; path = "You'reInJeopardy.app"; sourceTree = BUILT_PRODUCTS_DIR; };
		3886A3391947863D005E3362 /* Foundation.framework */ = {isa = PBXFileReference; lastKnownFileType = wrapper.framework; name = Foundation.framework; path = System/Library/Frameworks/Foundation.framework; sourceTree = SDKROOT; };
		3886A33B1947863D005E3362 /* CoreGraphics.framework */ = {isa = PBXFileReference; lastKnownFileType = wrapper.framework; name = CoreGraphics.framework; path = System/Library/Frameworks/CoreGraphics.framework; sourceTree = SDKROOT; };
		3886A33D1947863D005E3362 /* UIKit.framework */ = {isa = PBXFileReference; lastKnownFileType = wrapper.framework; name = UIKit.framework; path = System/Library/Frameworks/UIKit.framework; sourceTree = SDKROOT; };
		3886A3411947863D005E3362 /* You'reInJeopardy-Info.plist */ = {isa = PBXFileReference; lastKnownFileType = text.plist.xml; path = "You'reInJeopardy-Info.plist"; sourceTree = "<group>"; };
		3886A3431947863D005E3362 /* en */ = {isa = PBXFileReference; lastKnownFileType = text.plist.strings; name = en; path = en.lproj/InfoPlist.strings; sourceTree = "<group>"; };
		3886A3451947863D005E3362 /* main.m */ = {isa = PBXFileReference; lastKnownFileType = sourcecode.c.objc; path = main.m; sourceTree = "<group>"; };
		3886A3471947863D005E3362 /* You'reInJeopardy-Prefix.pch */ = {isa = PBXFileReference; lastKnownFileType = sourcecode.c.h; path = "You'reInJeopardy-Prefix.pch"; sourceTree = "<group>"; };
		3886A3481947863D005E3362 /* NRFAppDelegate.h */ = {isa = PBXFileReference; lastKnownFileType = sourcecode.c.h; path = NRFAppDelegate.h; sourceTree = "<group>"; };
		3886A3491947863D005E3362 /* NRFAppDelegate.m */ = {isa = PBXFileReference; lastKnownFileType = sourcecode.c.objc; path = NRFAppDelegate.m; sourceTree = "<group>"; };
		3886A34B1947863D005E3362 /* Images.xcassets */ = {isa = PBXFileReference; lastKnownFileType = folder.assetcatalog; path = Images.xcassets; sourceTree = "<group>"; };
		3886A3511947863D005E3362 /* You'reInJeopardyTests.xctest */ = {isa = PBXFileReference; explicitFileType = wrapper.cfbundle; includeInIndex = 0; path = "You'reInJeopardyTests.xctest"; sourceTree = BUILT_PRODUCTS_DIR; };
		3886A3521947863D005E3362 /* XCTest.framework */ = {isa = PBXFileReference; lastKnownFileType = wrapper.framework; name = XCTest.framework; path = Library/Frameworks/XCTest.framework; sourceTree = DEVELOPER_DIR; };
		3886A35A1947863E005E3362 /* You'reInJeopardyTests-Info.plist */ = {isa = PBXFileReference; lastKnownFileType = text.plist.xml; path = "You'reInJeopardyTests-Info.plist"; sourceTree = "<group>"; };
		3886A35C1947863E005E3362 /* en */ = {isa = PBXFileReference; lastKnownFileType = text.plist.strings; name = en; path = en.lproj/InfoPlist.strings; sourceTree = "<group>"; };
		3886A35E1947863E005E3362 /* You_reInJeopardyTests.m */ = {isa = PBXFileReference; lastKnownFileType = sourcecode.c.objc; path = You_reInJeopardyTests.m; sourceTree = "<group>"; };
		3886A36D194788C4005E3362 /* NRFMainBoardViewController.h */ = {isa = PBXFileReference; fileEncoding = 4; lastKnownFileType = sourcecode.c.h; path = NRFMainBoardViewController.h; sourceTree = "<group>"; };
		3886A36E194788C4005E3362 /* NRFMainBoardViewController.m */ = {isa = PBXFileReference; fileEncoding = 4; lastKnownFileType = sourcecode.c.objc; path = NRFMainBoardViewController.m; sourceTree = "<group>"; };
		3886A37219478E0C005E3362 /* NRFQuestion.h */ = {isa = PBXFileReference; fileEncoding = 4; lastKnownFileType = sourcecode.c.h; path = NRFQuestion.h; sourceTree = "<group>"; };
		3886A37319478E0C005E3362 /* NRFQuestion.m */ = {isa = PBXFileReference; fileEncoding = 4; lastKnownFileType = sourcecode.c.objc; path = NRFQuestion.m; sourceTree = "<group>"; };
		3886A37519478F41005E3362 /* NRFJeopardyGame.h */ = {isa = PBXFileReference; fileEncoding = 4; lastKnownFileType = sourcecode.c.h; path = NRFJeopardyGame.h; sourceTree = "<group>"; };
		3886A37619478F41005E3362 /* NRFJeopardyGame.m */ = {isa = PBXFileReference; fileEncoding = 4; lastKnownFileType = sourcecode.c.objc; path = NRFJeopardyGame.m; sourceTree = "<group>"; };
		3886A37819495C80005E3362 /* NRFQuestionEditViewController.h */ = {isa = PBXFileReference; fileEncoding = 4; lastKnownFileType = sourcecode.c.h; path = NRFQuestionEditViewController.h; sourceTree = "<group>"; };
		3886A37919495C80005E3362 /* NRFQuestionEditViewController.m */ = {isa = PBXFileReference; fileEncoding = 4; lastKnownFileType = sourcecode.c.objc; path = NRFQuestionEditViewController.m; sourceTree = "<group>"; };
		3886A380194A63F0005E3362 /* NRFCategoryEditViewController.h */ = {isa = PBXFileReference; fileEncoding = 4; lastKnownFileType = sourcecode.c.h; path = NRFCategoryEditViewController.h; sourceTree = "<group>"; };
		3886A381194A63F0005E3362 /* NRFCategoryEditViewController.m */ = {isa = PBXFileReference; fileEncoding = 4; lastKnownFileType = sourcecode.c.objc; path = NRFCategoryEditViewController.m; sourceTree = "<group>"; };
		3886A385194B9EBB005E3362 /* NRFQuestionViewController.h */ = {isa = PBXFileReference; fileEncoding = 4; lastKnownFileType = sourcecode.c.h; path = NRFQuestionViewController.h; sourceTree = "<group>"; };
		3886A386194B9EBB005E3362 /* NRFQuestionViewController.m */ = {isa = PBXFileReference; fileEncoding = 4; lastKnownFileType = sourcecode.c.objc; path = NRFQuestionViewController.m; sourceTree = "<group>"; };
		3886A38D195B761E005E3362 /* NRFOldGamesTableViewController.h */ = {isa = PBXFileReference; fileEncoding = 4; lastKnownFileType = sourcecode.c.h; path = NRFOldGamesTableViewController.h; sourceTree = "<group>"; };
		3886A38E195B761E005E3362 /* NRFOldGamesTableViewController.m */ = {isa = PBXFileReference; fileEncoding = 4; lastKnownFileType = sourcecode.c.objc; path = NRFOldGamesTableViewController.m; sourceTree = "<group>"; };
		38944233198AF2A200265DCA /* NRFTabBarViewController.h */ = {isa = PBXFileReference; fileEncoding = 4; lastKnownFileType = sourcecode.c.h; path = NRFTabBarViewController.h; sourceTree = "<group>"; };
		38944234198AF2A200265DCA /* NRFTabBarViewController.m */ = {isa = PBXFileReference; fileEncoding = 4; lastKnownFileType = sourcecode.c.objc; path = NRFTabBarViewController.m; sourceTree = "<group>"; };
		389442361990040A00265DCA /* NRFJeopardyGamePlayable.h */ = {isa = PBXFileReference; fileEncoding = 4; lastKnownFileType = sourcecode.c.h; path = NRFJeopardyGamePlayable.h; sourceTree = "<group>"; };
		389442371990040A00265DCA /* NRFJeopardyGamePlayable.m */ = {isa = PBXFileReference; fileEncoding = 4; lastKnownFileType = sourcecode.c.objc; path = NRFJeopardyGamePlayable.m; sourceTree = "<group>"; };
		389442391990066C00265DCA /* NRFJeopardyGameEditable.h */ = {isa = PBXFileReference; fileEncoding = 4; lastKnownFileType = sourcecode.c.h; path = NRFJeopardyGameEditable.h; sourceTree = "<group>"; };
		3894423A1990066C00265DCA /* NRFJeopardyGameEditable.m */ = {isa = PBXFileReference; fileEncoding = 4; lastKnownFileType = sourcecode.c.objc; path = NRFJeopardyGameEditable.m; sourceTree = "<group>"; };
		38D2C4E2197F26CA00144155 /* NRFScoreViewController.h */ = {isa = PBXFileReference; fileEncoding = 4; lastKnownFileType = sourcecode.c.h; path = NRFScoreViewController.h; sourceTree = "<group>"; };
		38D2C4E3197F26CA00144155 /* NRFScoreViewController.m */ = {isa = PBXFileReference; fileEncoding = 4; lastKnownFileType = sourcecode.c.objc; path = NRFScoreViewController.m; sourceTree = "<group>"; };
/* End PBXFileReference section */

/* Begin PBXFrameworksBuildPhase section */
		3886A3331947863D005E3362 /* Frameworks */ = {
			isa = PBXFrameworksBuildPhase;
			buildActionMask = 2147483647;
			files = (
				3883577719A7A6F600D73781 /* CoreData.framework in Frameworks */,
				3886A33C1947863D005E3362 /* CoreGraphics.framework in Frameworks */,
				3886A33E1947863D005E3362 /* UIKit.framework in Frameworks */,
				3886A33A1947863D005E3362 /* Foundation.framework in Frameworks */,
			);
			runOnlyForDeploymentPostprocessing = 0;
		};
		3886A34E1947863D005E3362 /* Frameworks */ = {
			isa = PBXFrameworksBuildPhase;
			buildActionMask = 2147483647;
			files = (
				3886A3531947863D005E3362 /* XCTest.framework in Frameworks */,
				3886A3551947863D005E3362 /* UIKit.framework in Frameworks */,
				3886A3541947863D005E3362 /* Foundation.framework in Frameworks */,
			);
			runOnlyForDeploymentPostprocessing = 0;
		};
/* End PBXFrameworksBuildPhase section */

/* Begin PBXGroup section */
		3846AE4E196CD9E0002B97AB /* ViewControllers */ = {
			isa = PBXGroup;
			children = (
				388357C619B5036F00D73781 /* ScoreViewControllers */,
				388357D919B8E37200D73781 /* MainBoardViewControllers */,
				388357DA19B8E38000D73781 /* DisplayViewControllers */,
				3883577B19ACCFDA00D73781 /* NRFGameDescriptionViewController.h */,
				3883577C19ACCFDA00D73781 /* NRFGameDescriptionViewController.m */,
				3886A38D195B761E005E3362 /* NRFOldGamesTableViewController.h */,
				3886A38E195B761E005E3362 /* NRFOldGamesTableViewController.m */,
				3886A380194A63F0005E3362 /* NRFCategoryEditViewController.h */,
				3886A381194A63F0005E3362 /* NRFCategoryEditViewController.m */,
				3886A37819495C80005E3362 /* NRFQuestionEditViewController.h */,
				3886A37919495C80005E3362 /* NRFQuestionEditViewController.m */,
				380AD04D1995BD720034D824 /* NRFMainMenuViewController.h */,
				380AD04E1995BD720034D824 /* NRFMainMenuViewController.m */,
				38944233198AF2A200265DCA /* NRFTabBarViewController.h */,
				38944234198AF2A200265DCA /* NRFTabBarViewController.m */,
			);
			name = ViewControllers;
			sourceTree = "<group>";
		};
		3846AE4F196CDA10002B97AB /* GroupingClasses */ = {
			isa = PBXGroup;
			children = (
				3886A37219478E0C005E3362 /* NRFQuestion.h */,
				3886A37319478E0C005E3362 /* NRFQuestion.m */,
				380AD05319997BFD0034D824 /* NRFFinalJeopartyQuestion.h */,
				380AD05419997BFD0034D824 /* NRFFinalJeopartyQuestion.m */,
				380AD056199995EA0034D824 /* NRFJeopartyContestant.h */,
				380AD057199995EA0034D824 /* NRFJeopartyContestant.m */,
				3886A37519478F41005E3362 /* NRFJeopardyGame.h */,
				3886A37619478F41005E3362 /* NRFJeopardyGame.m */,
				389442361990040A00265DCA /* NRFJeopardyGamePlayable.h */,
				389442371990040A00265DCA /* NRFJeopardyGamePlayable.m */,
				389442391990066C00265DCA /* NRFJeopardyGameEditable.h */,
				3894423A1990066C00265DCA /* NRFJeopardyGameEditable.m */,
				380AD052199884360034D824 /* Constants.h */,
			);
			name = GroupingClasses;
			sourceTree = "<group>";
		};
		388357C619B5036F00D73781 /* ScoreViewControllers */ = {
			isa = PBXGroup;
			children = (
				38D2C4E2197F26CA00144155 /* NRFScoreViewController.h */,
				38D2C4E3197F26CA00144155 /* NRFScoreViewController.m */,
				388357C719B50E4800D73781 /* NRFInitializerScoreViewController.h */,
				388357C819B50E4800D73781 /* NRFInitializerScoreViewController.m */,
				388357CA19B54DFA00D73781 /* NRFQuestionScoreViewController.h */,
				388357CB19B54DFA00D73781 /* NRFQuestionScoreViewController.m */,
				388357D619B7ED5900D73781 /* NRFWagerRewardScoreViewController.h */,
				388357D719B7ED5900D73781 /* NRFWagerRewardScoreViewController.m */,
				388357CD19B555EC00D73781 /* NRFEditScoreViewController.h */,
				388357CE19B555EC00D73781 /* NRFEditScoreViewController.m */,
				388357D019B61C5700D73781 /* NRFWagerScoreViewController.h */,
				388357D119B61C5700D73781 /* NRFWagerScoreViewController.m */,
				388357D319B7855E00D73781 /* NRFWagerForDailyDoubleScoreViewController.h */,
				388357D419B7855E00D73781 /* NRFWagerForDailyDoubleScoreViewController.m */,
			);
			name = ScoreViewControllers;
			sourceTree = "<group>";
		};
		388357D919B8E37200D73781 /* MainBoardViewControllers */ = {
			isa = PBXGroup;
			children = (
				3886A36D194788C4005E3362 /* NRFMainBoardViewController.h */,
				3886A36E194788C4005E3362 /* NRFMainBoardViewController.m */,
			);
			name = MainBoardViewControllers;
			sourceTree = "<group>";
		};
		388357DA19B8E38000D73781 /* DisplayViewControllers */ = {
			isa = PBXGroup;
			children = (
				3886A385194B9EBB005E3362 /* NRFQuestionViewController.h */,
				3886A386194B9EBB005E3362 /* NRFQuestionViewController.m */,
			);
			name = DisplayViewControllers;
			sourceTree = "<group>";
		};
		3886A32D1947863D005E3362 = {
			isa = PBXGroup;
			children = (
				3886A33F1947863D005E3362 /* You'reInJeopardy */,
				3886A3581947863D005E3362 /* You'reInJeopardyTests */,
				3886A3381947863D005E3362 /* Frameworks */,
				3886A3371947863D005E3362 /* Products */,
			);
			sourceTree = "<group>";
		};
		3886A3371947863D005E3362 /* Products */ = {
			isa = PBXGroup;
			children = (
				3886A3361947863D005E3362 /* You'reInJeopardy.app */,
				3886A3511947863D005E3362 /* You'reInJeopardyTests.xctest */,
			);
			name = Products;
			sourceTree = "<group>";
		};
		3886A3381947863D005E3362 /* Frameworks */ = {
			isa = PBXGroup;
			children = (
				3883577619A7A6F600D73781 /* CoreData.framework */,
				3886A3391947863D005E3362 /* Foundation.framework */,
				3886A33B1947863D005E3362 /* CoreGraphics.framework */,
				3886A33D1947863D005E3362 /* UIKit.framework */,
				3886A3521947863D005E3362 /* XCTest.framework */,
			);
			name = Frameworks;
			sourceTree = "<group>";
		};
		3886A33F1947863D005E3362 /* You'reInJeopardy */ = {
			isa = PBXGroup;
			children = (
				3846AE4F196CDA10002B97AB /* GroupingClasses */,
				3846AE4E196CD9E0002B97AB /* ViewControllers */,
				3886A3481947863D005E3362 /* NRFAppDelegate.h */,
				3886A3491947863D005E3362 /* NRFAppDelegate.m */,
				3883577819A7C2D300D73781 /* Model.xcdatamodeld */,
				3886A34B1947863D005E3362 /* Images.xcassets */,
				3886A3401947863D005E3362 /* Supporting Files */,
			);
			path = "You'reInJeopardy";
			sourceTree = "<group>";
		};
		3886A3401947863D005E3362 /* Supporting Files */ = {
			isa = PBXGroup;
			children = (
				3886A3411947863D005E3362 /* You'reInJeopardy-Info.plist */,
				3886A3421947863D005E3362 /* InfoPlist.strings */,
				3886A3451947863D005E3362 /* main.m */,
				3886A3471947863D005E3362 /* You'reInJeopardy-Prefix.pch */,
			);
			name = "Supporting Files";
			sourceTree = "<group>";
		};
		3886A3581947863D005E3362 /* You'reInJeopardyTests */ = {
			isa = PBXGroup;
			children = (
				3886A35E1947863E005E3362 /* You_reInJeopardyTests.m */,
				3886A3591947863E005E3362 /* Supporting Files */,
			);
			path = "You'reInJeopardyTests";
			sourceTree = "<group>";
		};
		3886A3591947863E005E3362 /* Supporting Files */ = {
			isa = PBXGroup;
			children = (
				3886A35A1947863E005E3362 /* You'reInJeopardyTests-Info.plist */,
				3886A35B1947863E005E3362 /* InfoPlist.strings */,
			);
			name = "Supporting Files";
			sourceTree = "<group>";
		};
/* End PBXGroup section */

/* Begin PBXNativeTarget section */
		3886A3351947863D005E3362 /* You'reInJeopardy */ = {
			isa = PBXNativeTarget;
			buildConfigurationList = 3886A3621947863E005E3362 /* Build configuration list for PBXNativeTarget "You'reInJeopardy" */;
			buildPhases = (
				3886A3321947863D005E3362 /* Sources */,
				3886A3331947863D005E3362 /* Frameworks */,
				3886A3341947863D005E3362 /* Resources */,
			);
			buildRules = (
			);
			dependencies = (
			);
			name = "You'reInJeopardy";
			productName = "You'reInJeopardy";
			productReference = 3886A3361947863D005E3362 /* You'reInJeopardy.app */;
			productType = "com.apple.product-type.application";
		};
		3886A3501947863D005E3362 /* You'reInJeopardyTests */ = {
			isa = PBXNativeTarget;
			buildConfigurationList = 3886A3651947863E005E3362 /* Build configuration list for PBXNativeTarget "You'reInJeopardyTests" */;
			buildPhases = (
				3886A34D1947863D005E3362 /* Sources */,
				3886A34E1947863D005E3362 /* Frameworks */,
				3886A34F1947863D005E3362 /* Resources */,
			);
			buildRules = (
			);
			dependencies = (
				3886A3571947863D005E3362 /* PBXTargetDependency */,
			);
			name = "You'reInJeopardyTests";
			productName = "You'reInJeopardyTests";
			productReference = 3886A3511947863D005E3362 /* You'reInJeopardyTests.xctest */;
			productType = "com.apple.product-type.bundle.unit-test";
		};
/* End PBXNativeTarget section */

/* Begin PBXProject section */
		3886A32E1947863D005E3362 /* Project object */ = {
			isa = PBXProject;
			attributes = {
				CLASSPREFIX = NRF;
				LastUpgradeCheck = 0510;
				ORGANIZATIONNAME = "Nicholas Falba";
				TargetAttributes = {
					3886A3501947863D005E3362 = {
						TestTargetID = 3886A3351947863D005E3362;
					};
				};
			};
			buildConfigurationList = 3886A3311947863D005E3362 /* Build configuration list for PBXProject "You'reInJeopardy" */;
			compatibilityVersion = "Xcode 3.2";
			developmentRegion = English;
			hasScannedForEncodings = 0;
			knownRegions = (
				en,
			);
			mainGroup = 3886A32D1947863D005E3362;
			productRefGroup = 3886A3371947863D005E3362 /* Products */;
			projectDirPath = "";
			projectRoot = "";
			targets = (
				3886A3351947863D005E3362 /* You'reInJeopardy */,
				3886A3501947863D005E3362 /* You'reInJeopardyTests */,
			);
		};
/* End PBXProject section */

/* Begin PBXResourcesBuildPhase section */
		3886A3341947863D005E3362 /* Resources */ = {
			isa = PBXResourcesBuildPhase;
			buildActionMask = 2147483647;
			files = (
				3886A3441947863D005E3362 /* InfoPlist.strings in Resources */,
				3886A34C1947863D005E3362 /* Images.xcassets in Resources */,
			);
			runOnlyForDeploymentPostprocessing = 0;
		};
		3886A34F1947863D005E3362 /* Resources */ = {
			isa = PBXResourcesBuildPhase;
			buildActionMask = 2147483647;
			files = (
				3886A35D1947863E005E3362 /* InfoPlist.strings in Resources */,
			);
			runOnlyForDeploymentPostprocessing = 0;
		};
/* End PBXResourcesBuildPhase section */

/* Begin PBXSourcesBuildPhase section */
		3886A3321947863D005E3362 /* Sources */ = {
			isa = PBXSourcesBuildPhase;
			buildActionMask = 2147483647;
			files = (
				380AD05519997BFD0034D824 /* NRFFinalJeopartyQuestion.m in Sources */,
				388357D519B7855E00D73781 /* NRFWagerForDailyDoubleScoreViewController.m in Sources */,
				3886A370194788C4005E3362 /* NRFMainBoardViewController.m in Sources */,
				380AD04F1995BD720034D824 /* NRFMainMenuViewController.m in Sources */,
				38944235198AF2A200265DCA /* NRFTabBarViewController.m in Sources */,
				3883577D19ACCFDA00D73781 /* NRFGameDescriptionViewController.m in Sources */,
				3886A3461947863D005E3362 /* main.m in Sources */,
				388357CF19B555EC00D73781 /* NRFEditScoreViewController.m in Sources */,
				3886A37719478F41005E3362 /* NRFJeopardyGame.m in Sources */,
				389442381990040A00265DCA /* NRFJeopardyGamePlayable.m in Sources */,
				3886A388194B9EBB005E3362 /* NRFQuestionViewController.m in Sources */,
				3883577A19A7C2D300D73781 /* Model.xcdatamodeld in Sources */,
				3886A37B19495C80005E3362 /* NRFQuestionEditViewController.m in Sources */,
				380AD058199995EA0034D824 /* NRFJeopartyContestant.m in Sources */,
				3886A37419478E0C005E3362 /* NRFQuestion.m in Sources */,
				3886A34A1947863D005E3362 /* NRFAppDelegate.m in Sources */,
				388357C919B50E4800D73781 /* NRFInitializerScoreViewController.m in Sources */,
				38D2C4E5197F26CA00144155 /* NRFScoreViewController.m in Sources */,
				388357D819B7ED5900D73781 /* NRFWagerRewardScoreViewController.m in Sources */,
				388357CC19B54DFA00D73781 /* NRFQuestionScoreViewController.m in Sources */,
				3886A383194A63F0005E3362 /* NRFCategoryEditViewController.m in Sources */,
				3894423B1990066C00265DCA /* NRFJeopardyGameEditable.m in Sources */,
				3886A38F195B761E005E3362 /* NRFOldGamesTableViewController.m in Sources */,
				388357D219B61C5700D73781 /* NRFWagerScoreViewController.m in Sources */,
			);
			runOnlyForDeploymentPostprocessing = 0;
		};
		3886A34D1947863D005E3362 /* Sources */ = {
			isa = PBXSourcesBuildPhase;
			buildActionMask = 2147483647;
			files = (
				3886A35F1947863E005E3362 /* You_reInJeopardyTests.m in Sources */,
			);
			runOnlyForDeploymentPostprocessing = 0;
		};
/* End PBXSourcesBuildPhase section */

/* Begin PBXTargetDependency section */
		3886A3571947863D005E3362 /* PBXTargetDependency */ = {
			isa = PBXTargetDependency;
			target = 3886A3351947863D005E3362 /* You'reInJeopardy */;
			targetProxy = 3886A3561947863D005E3362 /* PBXContainerItemProxy */;
		};
/* End PBXTargetDependency section */

/* Begin PBXVariantGroup section */
		3886A3421947863D005E3362 /* InfoPlist.strings */ = {
			isa = PBXVariantGroup;
			children = (
				3886A3431947863D005E3362 /* en */,
			);
			name = InfoPlist.strings;
			sourceTree = "<group>";
		};
		3886A35B1947863E005E3362 /* InfoPlist.strings */ = {
			isa = PBXVariantGroup;
			children = (
				3886A35C1947863E005E3362 /* en */,
			);
			name = InfoPlist.strings;
			sourceTree = "<group>";
		};
/* End PBXVariantGroup section */

/* Begin XCBuildConfiguration section */
		3886A3601947863E005E3362 /* Debug */ = {
			isa = XCBuildConfiguration;
			buildSettings = {
				ALWAYS_SEARCH_USER_PATHS = NO;
				CLANG_CXX_LANGUAGE_STANDARD = "gnu++0x";
				CLANG_CXX_LIBRARY = "libc++";
				CLANG_ENABLE_MODULES = YES;
				CLANG_ENABLE_OBJC_ARC = YES;
				CLANG_WARN_BOOL_CONVERSION = YES;
				CLANG_WARN_CONSTANT_CONVERSION = YES;
				CLANG_WARN_DIRECT_OBJC_ISA_USAGE = YES_ERROR;
				CLANG_WARN_EMPTY_BODY = YES;
				CLANG_WARN_ENUM_CONVERSION = YES;
				CLANG_WARN_INT_CONVERSION = YES;
				CLANG_WARN_OBJC_ROOT_CLASS = YES_ERROR;
				CLANG_WARN__DUPLICATE_METHOD_MATCH = YES;
				"CODE_SIGN_IDENTITY[sdk=iphoneos*]" = "iPhone Developer";
				COPY_PHASE_STRIP = NO;
				GCC_C_LANGUAGE_STANDARD = gnu99;
				GCC_DYNAMIC_NO_PIC = NO;
				GCC_OPTIMIZATION_LEVEL = 0;
				GCC_PREPROCESSOR_DEFINITIONS = (
					"DEBUG=1",
					"$(inherited)",
				);
				GCC_SYMBOLS_PRIVATE_EXTERN = NO;
				GCC_WARN_64_TO_32_BIT_CONVERSION = YES;
				GCC_WARN_ABOUT_RETURN_TYPE = YES_ERROR;
				GCC_WARN_UNDECLARED_SELECTOR = YES;
				GCC_WARN_UNINITIALIZED_AUTOS = YES_AGGRESSIVE;
				GCC_WARN_UNUSED_FUNCTION = YES;
				GCC_WARN_UNUSED_VARIABLE = YES;
				IPHONEOS_DEPLOYMENT_TARGET = 7.1;
				ONLY_ACTIVE_ARCH = YES;
				SDKROOT = iphoneos;
			};
			name = Debug;
		};
		3886A3611947863E005E3362 /* Release */ = {
			isa = XCBuildConfiguration;
			buildSettings = {
				ALWAYS_SEARCH_USER_PATHS = NO;
				CLANG_CXX_LANGUAGE_STANDARD = "gnu++0x";
				CLANG_CXX_LIBRARY = "libc++";
				CLANG_ENABLE_MODULES = YES;
				CLANG_ENABLE_OBJC_ARC = YES;
				CLANG_WARN_BOOL_CONVERSION = YES;
				CLANG_WARN_CONSTANT_CONVERSION = YES;
				CLANG_WARN_DIRECT_OBJC_ISA_USAGE = YES_ERROR;
				CLANG_WARN_EMPTY_BODY = YES;
				CLANG_WARN_ENUM_CONVERSION = YES;
				CLANG_WARN_INT_CONVERSION = YES;
				CLANG_WARN_OBJC_ROOT_CLASS = YES_ERROR;
				CLANG_WARN__DUPLICATE_METHOD_MATCH = YES;
				"CODE_SIGN_IDENTITY[sdk=iphoneos*]" = "iPhone Developer";
				COPY_PHASE_STRIP = YES;
				ENABLE_NS_ASSERTIONS = NO;
				GCC_C_LANGUAGE_STANDARD = gnu99;
				GCC_WARN_64_TO_32_BIT_CONVERSION = YES;
				GCC_WARN_ABOUT_RETURN_TYPE = YES_ERROR;
				GCC_WARN_UNDECLARED_SELECTOR = YES;
				GCC_WARN_UNINITIALIZED_AUTOS = YES_AGGRESSIVE;
				GCC_WARN_UNUSED_FUNCTION = YES;
				GCC_WARN_UNUSED_VARIABLE = YES;
				IPHONEOS_DEPLOYMENT_TARGET = 7.1;
				SDKROOT = iphoneos;
				VALIDATE_PRODUCT = YES;
			};
			name = Release;
		};
		3886A3631947863E005E3362 /* Debug */ = {
			isa = XCBuildConfiguration;
			buildSettings = {
				ASSETCATALOG_COMPILER_APPICON_NAME = AppIcon;
				ASSETCATALOG_COMPILER_LAUNCHIMAGE_NAME = LaunchImage;
				GCC_PRECOMPILE_PREFIX_HEADER = YES;
				GCC_PREFIX_HEADER = "You'reInJeopardy/You'reInJeopardy-Prefix.pch";
				INFOPLIST_FILE = "You'reInJeopardy/You'reInJeopardy-Info.plist";
				IPHONEOS_DEPLOYMENT_TARGET = 7.1;
				PRODUCT_NAME = "$(TARGET_NAME)";
				TARGETED_DEVICE_FAMILY = 2;
				WRAPPER_EXTENSION = app;
			};
			name = Debug;
		};
		3886A3641947863E005E3362 /* Release */ = {
			isa = XCBuildConfiguration;
			buildSettings = {
				ASSETCATALOG_COMPILER_APPICON_NAME = AppIcon;
				ASSETCATALOG_COMPILER_LAUNCHIMAGE_NAME = LaunchImage;
				GCC_PRECOMPILE_PREFIX_HEADER = YES;
				GCC_PREFIX_HEADER = "You'reInJeopardy/You'reInJeopardy-Prefix.pch";
				INFOPLIST_FILE = "You'reInJeopardy/You'reInJeopardy-Info.plist";
				IPHONEOS_DEPLOYMENT_TARGET = 7.1;
				PRODUCT_NAME = "$(TARGET_NAME)";
				TARGETED_DEVICE_FAMILY = 2;
				WRAPPER_EXTENSION = app;
			};
			name = Release;
		};
		3886A3661947863E005E3362 /* Debug */ = {
			isa = XCBuildConfiguration;
			buildSettings = {
				BUNDLE_LOADER = "$(BUILT_PRODUCTS_DIR)/You'reInJeopardy.app/You'reInJeopardy";
				FRAMEWORK_SEARCH_PATHS = (
					"$(SDKROOT)/Developer/Library/Frameworks",
					"$(inherited)",
					"$(DEVELOPER_FRAMEWORKS_DIR)",
				);
				GCC_PRECOMPILE_PREFIX_HEADER = YES;
				GCC_PREFIX_HEADER = "You'reInJeopardy/You'reInJeopardy-Prefix.pch";
				GCC_PREPROCESSOR_DEFINITIONS = (
					"DEBUG=1",
					"$(inherited)",
				);
				INFOPLIST_FILE = "You'reInJeopardyTests/You'reInJeopardyTests-Info.plist";
				PRODUCT_NAME = "$(TARGET_NAME)";
				TEST_HOST = "$(BUNDLE_LOADER)";
				WRAPPER_EXTENSION = xctest;
			};
			name = Debug;
		};
		3886A3671947863E005E3362 /* Release */ = {
			isa = XCBuildConfiguration;
			buildSettings = {
				BUNDLE_LOADER = "$(BUILT_PRODUCTS_DIR)/You'reInJeopardy.app/You'reInJeopardy";
				FRAMEWORK_SEARCH_PATHS = (
					"$(SDKROOT)/Developer/Library/Frameworks",
					"$(inherited)",
					"$(DEVELOPER_FRAMEWORKS_DIR)",
				);
				GCC_PRECOMPILE_PREFIX_HEADER = YES;
				GCC_PREFIX_HEADER = "You'reInJeopardy/You'reInJeopardy-Prefix.pch";
				INFOPLIST_FILE = "You'reInJeopardyTests/You'reInJeopardyTests-Info.plist";
				PRODUCT_NAME = "$(TARGET_NAME)";
				TEST_HOST = "$(BUNDLE_LOADER)";
				WRAPPER_EXTENSION = xctest;
			};
			name = Release;
		};
/* End XCBuildConfiguration section */

/* Begin XCConfigurationList section */
		3886A3311947863D005E3362 /* Build configuration list for PBXProject "You'reInJeopardy" */ = {
			isa = XCConfigurationList;
			buildConfigurations = (
				3886A3601947863E005E3362 /* Debug */,
				3886A3611947863E005E3362 /* Release */,
			);
			defaultConfigurationIsVisible = 0;
			defaultConfigurationName = Release;
		};
		3886A3621947863E005E3362 /* Build configuration list for PBXNativeTarget "You'reInJeopardy" */ = {
			isa = XCConfigurationList;
			buildConfigurations = (
				3886A3631947863E005E3362 /* Debug */,
				3886A3641947863E005E3362 /* Release */,
			);
			defaultConfigurationIsVisible = 0;
			defaultConfigurationName = Release;
		};
		3886A3651947863E005E3362 /* Build configuration list for PBXNativeTarget "You'reInJeopardyTests" */ = {
			isa = XCConfigurationList;
			buildConfigurations = (
				3886A3661947863E005E3362 /* Debug */,
				3886A3671947863E005E3362 /* Release */,
			);
			defaultConfigurationIsVisible = 0;
			defaultConfigurationName = Release;
		};
/* End XCConfigurationList section */

/* Begin XCVersionGroup section */
		3883577819A7C2D300D73781 /* Model.xcdatamodeld */ = {
			isa = XCVersionGroup;
			children = (
				3883577919A7C2D300D73781 /* Model.xcdatamodel */,
			);
			currentVersion = 3883577919A7C2D300D73781 /* Model.xcdatamodel */;
			path = Model.xcdatamodeld;
			sourceTree = "<group>";
			versionGroupType = wrapper.xcdatamodel;
		};
/* End XCVersionGroup section */
	};
	rootObject = 3886A32E1947863D005E3362 /* Project object */;
}
